
Microsoft Visual Studio Solution File, Format Version 12.00
# Visual Studio Version 16
VisualStudioVersion = 16.0.30104.148
MinimumVisualStudioVersion = 10.0.40219.1
Project("{9A19103F-16F7-4668-BE54-9A1E7A4F7556}") = "AkhbarWebSite", "AkhbarWebSite\AkhbarWebSite.csproj", "{6CBCAD22-C657-4CBF-8C37-EFC096AD5516}"
EndProject
Global
	GlobalSection(SolutionConfigurationPlatforms) = preSolution
		Debug|Any CPU = Debug|Any CPU
		Release|Any CPU = Release|Any CPU
	EndGlobalSection
	GlobalSection(ProjectConfigurationPlatforms) = postSolution
		{6CBCAD22-C657-4CBF-8C37-EFC096AD5516}.Debug|Any CPU.ActiveCfg = Debug|Any CPU
		{6CBCAD22-C657-4CBF-8C37-EFC096AD5516}.Debug|Any CPU.Build.0 = Debug|Any CPU
		{6CBCAD22-C657-4CBF-8C37-EFC096AD5516}.Release|Any CPU.ActiveCfg = Release|Any CPU
		{6CBCAD22-C657-4CBF-8C37-EFC096AD5516}.Release|Any CPU.Build.0 = Release|Any CPU
	EndGlobalSection
	GlobalSection(SolutionProperties) = preSolution
		HideSolutionNode = FALSE
	EndGlobalSection
	GlobalSection(ExtensibilityGlobals) = postSolution
		SolutionGuid = {34F110B7-6058-4CEC-B8EC-BD65D8FF579D}
	EndGlobalSection
EndGlobal
